
Microsoft Visual Studio Solution File, Format Version 12.00
# Visual Studio 14
VisualStudioVersion = 14.0.24720.0
MinimumVisualStudioVersion = 10.0.40219.1
Project("{8BC9CEB8-8B4A-11D0-8D11-00A0C91BC942}") = "euler_1", "c++_test\c++_test.vcxproj", "{FED48AFE-A2C1-49D8-A899-24F82040483A}"
EndProject
Project("{8BC9CEB8-8B4A-11D0-8D11-00A0C91BC942}") = "euler_2", "euler_2\euler_2.vcxproj", "{E3CAA985-D365-403B-83A9-D55956A27C56}"
EndProject
Project("{8BC9CEB8-8B4A-11D0-8D11-00A0C91BC942}") = "euler_3", "euler_3\euler_3.vcxproj", "{31B9C08B-2684-4015-9F69-3BDFCC8ACE15}"
EndProject
Project("{8BC9CEB8-8B4A-11D0-8D11-00A0C91BC942}") = "euler_4", "euler_4\euler_4.vcxproj", "{A75BE22E-F392-40E3-866C-1EBFE2C3E1D7}"
EndProject
Project("{8BC9CEB8-8B4A-11D0-8D11-00A0C91BC942}") = "euler_5", "euler__5\euler__5.vcxproj", "{1EC8F5B0-7B2C-432C-BB4F-701CC9B2EF76}"
EndProject
Project("{8BC9CEB8-8B4A-11D0-8D11-00A0C91BC942}") = "euler_6", "euler_6\euler_6.vcxproj", "{034D5DC4-EBF3-42E5-8FFF-04C1D9BBE5A2}"
EndProject
Project("{8BC9CEB8-8B4A-11D0-8D11-00A0C91BC942}") = "euler_7", "euler_7\euler_7.vcxproj", "{A36C7340-4D19-4CCC-94DB-9CDDE6D72B4E}"
EndProject
Project("{8BC9CEB8-8B4A-11D0-8D11-00A0C91BC942}") = "euler_8", "euler_8\euler_8.vcxproj", "{981A706B-478D-4BA4-8CB7-50C4A4A49A55}"
EndProject
Project("{8BC9CEB8-8B4A-11D0-8D11-00A0C91BC942}") = "euler_9", "euler_9\euler_9.vcxproj", "{8ED7EE5B-E73C-4B85-A5D7-517D79FBD299}"
EndProject
Project("{8BC9CEB8-8B4A-11D0-8D11-00A0C91BC942}") = "euler_10", "euler_10\euler_10.vcxproj", "{793B848A-5992-401D-9560-C3CC942435D1}"
EndProject
Project("{8BC9CEB8-8B4A-11D0-8D11-00A0C91BC942}") = "euler_11", "euler_11\euler_11.vcxproj", "{521F7580-E6E7-4DA7-AD39-80BBE5618C94}"
EndProject
Project("{8BC9CEB8-8B4A-11D0-8D11-00A0C91BC942}") = "euler_12", "euler_12\euler_12.vcxproj", "{B33D57B7-FAB0-482F-AA6B-712F144B47A4}"
EndProject
Project("{8BC9CEB8-8B4A-11D0-8D11-00A0C91BC942}") = "euler_14", "euler_14\euler_14.vcxproj", "{3EECCAB6-E74B-441C-A900-1EA6ACB01048}"
EndProject
Project("{8BC9CEB8-8B4A-11D0-8D11-00A0C91BC942}") = "euler_16", "euler_16\euler_16.vcxproj", "{F288791B-5671-48F0-855F-8509D27AA4EE}"
EndProject
Project("{8BC9CEB8-8B4A-11D0-8D11-00A0C91BC942}") = "euler_18", "euler_18\euler_18.vcxproj", "{D377B320-1325-47A2-B6F4-BBAF3BFBF632}"
EndProject
Project("{8BC9CEB8-8B4A-11D0-8D11-00A0C91BC942}") = "euler_21", "euler_21\euler_21.vcxproj", "{7C47A523-C539-4EF3-8579-05E34D98062C}"
EndProject
Project("{8BC9CEB8-8B4A-11D0-8D11-00A0C91BC942}") = "euler_22", "euler_22\euler_22.vcxproj", "{BD79ED29-BC55-401D-8C10-F441AB8C9217}"
EndProject
Global
	GlobalSection(SolutionConfigurationPlatforms) = preSolution
		Debug|x64 = Debug|x64
		Debug|x86 = Debug|x86
		Release|x64 = Release|x64
		Release|x86 = Release|x86
	EndGlobalSection
	GlobalSection(ProjectConfigurationPlatforms) = postSolution
		{FED48AFE-A2C1-49D8-A899-24F82040483A}.Debug|x64.ActiveCfg = Debug|x64
		{FED48AFE-A2C1-49D8-A899-24F82040483A}.Debug|x64.Build.0 = Debug|x64
		{FED48AFE-A2C1-49D8-A899-24F82040483A}.Debug|x86.ActiveCfg = Debug|Win32
		{FED48AFE-A2C1-49D8-A899-24F82040483A}.Debug|x86.Build.0 = Debug|Win32
		{FED48AFE-A2C1-49D8-A899-24F82040483A}.Release|x64.ActiveCfg = Release|x64
		{FED48AFE-A2C1-49D8-A899-24F82040483A}.Release|x64.Build.0 = Release|x64
		{FED48AFE-A2C1-49D8-A899-24F82040483A}.Release|x86.ActiveCfg = Release|Win32
		{FED48AFE-A2C1-49D8-A899-24F82040483A}.Release|x86.Build.0 = Release|Win32
		{E3CAA985-D365-403B-83A9-D55956A27C56}.Debug|x64.ActiveCfg = Debug|x64
		{E3CAA985-D365-403B-83A9-D55956A27C56}.Debug|x64.Build.0 = Debug|x64
		{E3CAA985-D365-403B-83A9-D55956A27C56}.Debug|x86.ActiveCfg = Debug|Win32
		{E3CAA985-D365-403B-83A9-D55956A27C56}.Debug|x86.Build.0 = Debug|Win32
		{E3CAA985-D365-403B-83A9-D55956A27C56}.Release|x64.ActiveCfg = Release|x64
		{E3CAA985-D365-403B-83A9-D55956A27C56}.Release|x64.Build.0 = Release|x64
		{E3CAA985-D365-403B-83A9-D55956A27C56}.Release|x86.ActiveCfg = Release|Win32
		{E3CAA985-D365-403B-83A9-D55956A27C56}.Release|x86.Build.0 = Release|Win32
		{31B9C08B-2684-4015-9F69-3BDFCC8ACE15}.Debug|x64.ActiveCfg = Debug|x64
		{31B9C08B-2684-4015-9F69-3BDFCC8ACE15}.Debug|x64.Build.0 = Debug|x64
		{31B9C08B-2684-4015-9F69-3BDFCC8ACE15}.Debug|x86.ActiveCfg = Debug|Win32
		{31B9C08B-2684-4015-9F69-3BDFCC8ACE15}.Debug|x86.Build.0 = Debug|Win32
		{31B9C08B-2684-4015-9F69-3BDFCC8ACE15}.Release|x64.ActiveCfg = Release|x64
		{31B9C08B-2684-4015-9F69-3BDFCC8ACE15}.Release|x64.Build.0 = Release|x64
		{31B9C08B-2684-4015-9F69-3BDFCC8ACE15}.Release|x86.ActiveCfg = Release|Win32
		{31B9C08B-2684-4015-9F69-3BDFCC8ACE15}.Release|x86.Build.0 = Release|Win32
		{A75BE22E-F392-40E3-866C-1EBFE2C3E1D7}.Debug|x64.ActiveCfg = Debug|x64
		{A75BE22E-F392-40E3-866C-1EBFE2C3E1D7}.Debug|x64.Build.0 = Debug|x64
		{A75BE22E-F392-40E3-866C-1EBFE2C3E1D7}.Debug|x86.ActiveCfg = Debug|Win32
		{A75BE22E-F392-40E3-866C-1EBFE2C3E1D7}.Debug|x86.Build.0 = Debug|Win32
		{A75BE22E-F392-40E3-866C-1EBFE2C3E1D7}.Release|x64.ActiveCfg = Release|x64
		{A75BE22E-F392-40E3-866C-1EBFE2C3E1D7}.Release|x64.Build.0 = Release|x64
		{A75BE22E-F392-40E3-866C-1EBFE2C3E1D7}.Release|x86.ActiveCfg = Release|Win32
		{A75BE22E-F392-40E3-866C-1EBFE2C3E1D7}.Release|x86.Build.0 = Release|Win32
		{1EC8F5B0-7B2C-432C-BB4F-701CC9B2EF76}.Debug|x64.ActiveCfg = Debug|x64
		{1EC8F5B0-7B2C-432C-BB4F-701CC9B2EF76}.Debug|x64.Build.0 = Debug|x64
		{1EC8F5B0-7B2C-432C-BB4F-701CC9B2EF76}.Debug|x86.ActiveCfg = Debug|Win32
		{1EC8F5B0-7B2C-432C-BB4F-701CC9B2EF76}.Debug|x86.Build.0 = Debug|Win32
		{1EC8F5B0-7B2C-432C-BB4F-701CC9B2EF76}.Release|x64.ActiveCfg = Release|x64
		{1EC8F5B0-7B2C-432C-BB4F-701CC9B2EF76}.Release|x64.Build.0 = Release|x64
		{1EC8F5B0-7B2C-432C-BB4F-701CC9B2EF76}.Release|x86.ActiveCfg = Release|Win32
		{1EC8F5B0-7B2C-432C-BB4F-701CC9B2EF76}.Release|x86.Build.0 = Release|Win32
		{034D5DC4-EBF3-42E5-8FFF-04C1D9BBE5A2}.Debug|x64.ActiveCfg = Debug|x64
		{034D5DC4-EBF3-42E5-8FFF-04C1D9BBE5A2}.Debug|x64.Build.0 = Debug|x64
		{034D5DC4-EBF3-42E5-8FFF-04C1D9BBE5A2}.Debug|x86.ActiveCfg = Debug|Win32
		{034D5DC4-EBF3-42E5-8FFF-04C1D9BBE5A2}.Debug|x86.Build.0 = Debug|Win32
		{034D5DC4-EBF3-42E5-8FFF-04C1D9BBE5A2}.Release|x64.ActiveCfg = Release|x64
		{034D5DC4-EBF3-42E5-8FFF-04C1D9BBE5A2}.Release|x64.Build.0 = Release|x64
		{034D5DC4-EBF3-42E5-8FFF-04C1D9BBE5A2}.Release|x86.ActiveCfg = Release|Win32
		{034D5DC4-EBF3-42E5-8FFF-04C1D9BBE5A2}.Release|x86.Build.0 = Release|Win32
		{A36C7340-4D19-4CCC-94DB-9CDDE6D72B4E}.Debug|x64.ActiveCfg = Debug|x64
		{A36C7340-4D19-4CCC-94DB-9CDDE6D72B4E}.Debug|x64.Build.0 = Debug|x64
		{A36C7340-4D19-4CCC-94DB-9CDDE6D72B4E}.Debug|x86.ActiveCfg = Debug|Win32
		{A36C7340-4D19-4CCC-94DB-9CDDE6D72B4E}.Debug|x86.Build.0 = Debug|Win32
		{A36C7340-4D19-4CCC-94DB-9CDDE6D72B4E}.Release|x64.ActiveCfg = Release|x64
		{A36C7340-4D19-4CCC-94DB-9CDDE6D72B4E}.Release|x64.Build.0 = Release|x64
		{A36C7340-4D19-4CCC-94DB-9CDDE6D72B4E}.Release|x86.ActiveCfg = Release|Win32
		{A36C7340-4D19-4CCC-94DB-9CDDE6D72B4E}.Release|x86.Build.0 = Release|Win32
		{981A706B-478D-4BA4-8CB7-50C4A4A49A55}.Debug|x64.ActiveCfg = Debug|x64
		{981A706B-478D-4BA4-8CB7-50C4A4A49A55}.Debug|x64.Build.0 = Debug|x64
		{981A706B-478D-4BA4-8CB7-50C4A4A49A55}.Debug|x86.ActiveCfg = Debug|Win32
		{981A706B-478D-4BA4-8CB7-50C4A4A49A55}.Debug|x86.Build.0 = Debug|Win32
		{981A706B-478D-4BA4-8CB7-50C4A4A49A55}.Release|x64.ActiveCfg = Release|x64
		{981A706B-478D-4BA4-8CB7-50C4A4A49A55}.Release|x64.Build.0 = Release|x64
		{981A706B-478D-4BA4-8CB7-50C4A4A49A55}.Release|x86.ActiveCfg = Release|Win32
		{981A706B-478D-4BA4-8CB7-50C4A4A49A55}.Release|x86.Build.0 = Release|Win32
		{8ED7EE5B-E73C-4B85-A5D7-517D79FBD299}.Debug|x64.ActiveCfg = Debug|x64
		{8ED7EE5B-E73C-4B85-A5D7-517D79FBD299}.Debug|x64.Build.0 = Debug|x64
		{8ED7EE5B-E73C-4B85-A5D7-517D79FBD299}.Debug|x86.ActiveCfg = Debug|Win32
		{8ED7EE5B-E73C-4B85-A5D7-517D79FBD299}.Debug|x86.Build.0 = Debug|Win32
		{8ED7EE5B-E73C-4B85-A5D7-517D79FBD299}.Release|x64.ActiveCfg = Release|x64
		{8ED7EE5B-E73C-4B85-A5D7-517D79FBD299}.Release|x64.Build.0 = Release|x64
		{8ED7EE5B-E73C-4B85-A5D7-517D79FBD299}.Release|x86.ActiveCfg = Release|Win32
		{8ED7EE5B-E73C-4B85-A5D7-517D79FBD299}.Release|x86.Build.0 = Release|Win32
		{793B848A-5992-401D-9560-C3CC942435D1}.Debug|x64.ActiveCfg = Debug|x64
		{793B848A-5992-401D-9560-C3CC942435D1}.Debug|x64.Build.0 = Debug|x64
		{793B848A-5992-401D-9560-C3CC942435D1}.Debug|x86.ActiveCfg = Debug|Win32
		{793B848A-5992-401D-9560-C3CC942435D1}.Debug|x86.Build.0 = Debug|Win32
		{793B848A-5992-401D-9560-C3CC942435D1}.Release|x64.ActiveCfg = Release|x64
		{793B848A-5992-401D-9560-C3CC942435D1}.Release|x64.Build.0 = Release|x64
		{793B848A-5992-401D-9560-C3CC942435D1}.Release|x86.ActiveCfg = Release|Win32
		{793B848A-5992-401D-9560-C3CC942435D1}.Release|x86.Build.0 = Release|Win32
		{521F7580-E6E7-4DA7-AD39-80BBE5618C94}.Debug|x64.ActiveCfg = Debug|x64
		{521F7580-E6E7-4DA7-AD39-80BBE5618C94}.Debug|x64.Build.0 = Debug|x64
		{521F7580-E6E7-4DA7-AD39-80BBE5618C94}.Debug|x86.ActiveCfg = Debug|Win32
		{521F7580-E6E7-4DA7-AD39-80BBE5618C94}.Debug|x86.Build.0 = Debug|Win32
		{521F7580-E6E7-4DA7-AD39-80BBE5618C94}.Release|x64.ActiveCfg = Release|x64
		{521F7580-E6E7-4DA7-AD39-80BBE5618C94}.Release|x64.Build.0 = Release|x64
		{521F7580-E6E7-4DA7-AD39-80BBE5618C94}.Release|x86.ActiveCfg = Release|Win32
		{521F7580-E6E7-4DA7-AD39-80BBE5618C94}.Release|x86.Build.0 = Release|Win32
		{B33D57B7-FAB0-482F-AA6B-712F144B47A4}.Debug|x64.ActiveCfg = Debug|x64
		{B33D57B7-FAB0-482F-AA6B-712F144B47A4}.Debug|x64.Build.0 = Debug|x64
		{B33D57B7-FAB0-482F-AA6B-712F144B47A4}.Debug|x86.ActiveCfg = Debug|Win32
		{B33D57B7-FAB0-482F-AA6B-712F144B47A4}.Debug|x86.Build.0 = Debug|Win32
		{B33D57B7-FAB0-482F-AA6B-712F144B47A4}.Release|x64.ActiveCfg = Release|x64
		{B33D57B7-FAB0-482F-AA6B-712F144B47A4}.Release|x64.Build.0 = Release|x64
		{B33D57B7-FAB0-482F-AA6B-712F144B47A4}.Release|x86.ActiveCfg = Release|Win32
		{B33D57B7-FAB0-482F-AA6B-712F144B47A4}.Release|x86.Build.0 = Release|Win32
		{3EECCAB6-E74B-441C-A900-1EA6ACB01048}.Debug|x64.ActiveCfg = Debug|x64
		{3EECCAB6-E74B-441C-A900-1EA6ACB01048}.Debug|x64.Build.0 = Debug|x64
		{3EECCAB6-E74B-441C-A900-1EA6ACB01048}.Debug|x86.ActiveCfg = Debug|Win32
		{3EECCAB6-E74B-441C-A900-1EA6ACB01048}.Debug|x86.Build.0 = Debug|Win32
		{3EECCAB6-E74B-441C-A900-1EA6ACB01048}.Release|x64.ActiveCfg = Release|x64
		{3EECCAB6-E74B-441C-A900-1EA6ACB01048}.Release|x64.Build.0 = Release|x64
		{3EECCAB6-E74B-441C-A900-1EA6ACB01048}.Release|x86.ActiveCfg = Release|Win32
		{3EECCAB6-E74B-441C-A900-1EA6ACB01048}.Release|x86.Build.0 = Release|Win32
		{F288791B-5671-48F0-855F-8509D27AA4EE}.Debug|x64.ActiveCfg = Debug|x64
		{F288791B-5671-48F0-855F-8509D27AA4EE}.Debug|x64.Build.0 = Debug|x64
		{F288791B-5671-48F0-855F-8509D27AA4EE}.Debug|x86.ActiveCfg = Debug|Win32
		{F288791B-5671-48F0-855F-8509D27AA4EE}.Debug|x86.Build.0 = Debug|Win32
		{F288791B-5671-48F0-855F-8509D27AA4EE}.Release|x64.ActiveCfg = Release|x64
		{F288791B-5671-48F0-855F-8509D27AA4EE}.Release|x64.Build.0 = Release|x64
		{F288791B-5671-48F0-855F-8509D27AA4EE}.Release|x86.ActiveCfg = Release|Win32
		{F288791B-5671-48F0-855F-8509D27AA4EE}.Release|x86.Build.0 = Release|Win32
		{D377B320-1325-47A2-B6F4-BBAF3BFBF632}.Debug|x64.ActiveCfg = Debug|x64
		{D377B320-1325-47A2-B6F4-BBAF3BFBF632}.Debug|x64.Build.0 = Debug|x64
		{D377B320-1325-47A2-B6F4-BBAF3BFBF632}.Debug|x86.ActiveCfg = Debug|Win32
		{D377B320-1325-47A2-B6F4-BBAF3BFBF632}.Debug|x86.Build.0 = Debug|Win32
		{D377B320-1325-47A2-B6F4-BBAF3BFBF632}.Release|x64.ActiveCfg = Release|x64
		{D377B320-1325-47A2-B6F4-BBAF3BFBF632}.Release|x64.Build.0 = Release|x64
		{D377B320-1325-47A2-B6F4-BBAF3BFBF632}.Release|x86.ActiveCfg = Release|Win32
		{D377B320-1325-47A2-B6F4-BBAF3BFBF632}.Release|x86.Build.0 = Release|Win32
		{7C47A523-C539-4EF3-8579-05E34D98062C}.Debug|x64.ActiveCfg = Debug|x64
		{7C47A523-C539-4EF3-8579-05E34D98062C}.Debug|x64.Build.0 = Debug|x64
		{7C47A523-C539-4EF3-8579-05E34D98062C}.Debug|x86.ActiveCfg = Debug|Win32
		{7C47A523-C539-4EF3-8579-05E34D98062C}.Debug|x86.Build.0 = Debug|Win32
		{7C47A523-C539-4EF3-8579-05E34D98062C}.Release|x64.ActiveCfg = Release|x64
		{7C47A523-C539-4EF3-8579-05E34D98062C}.Release|x64.Build.0 = Release|x64
		{7C47A523-C539-4EF3-8579-05E34D98062C}.Release|x86.ActiveCfg = Release|Win32
		{7C47A523-C539-4EF3-8579-05E34D98062C}.Release|x86.Build.0 = Release|Win32
		{BD79ED29-BC55-401D-8C10-F441AB8C9217}.Debug|x64.ActiveCfg = Debug|x64
		{BD79ED29-BC55-401D-8C10-F441AB8C9217}.Debug|x64.Build.0 = Debug|x64
		{BD79ED29-BC55-401D-8C10-F441AB8C9217}.Debug|x86.ActiveCfg = Debug|Win32
		{BD79ED29-BC55-401D-8C10-F441AB8C9217}.Debug|x86.Build.0 = Debug|Win32
		{BD79ED29-BC55-401D-8C10-F441AB8C9217}.Release|x64.ActiveCfg = Release|x64
		{BD79ED29-BC55-401D-8C10-F441AB8C9217}.Release|x64.Build.0 = Release|x64
		{BD79ED29-BC55-401D-8C10-F441AB8C9217}.Release|x86.ActiveCfg = Release|Win32
		{BD79ED29-BC55-401D-8C10-F441AB8C9217}.Release|x86.Build.0 = Release|Win32
	EndGlobalSection
	GlobalSection(SolutionProperties) = preSolution
		HideSolutionNode = FALSE
	EndGlobalSection
EndGlobal
